// !$*UTF8*$!
{
	archiveVersion = 1;
	classes = {
	};
	objectVersion = 50;
	objects = {

/* Begin PBXBuildFile section */
		4ABB8A7324A3CD8D008E472C /* AppDelegate.swift in Sources */ = {isa = PBXBuildFile; fileRef = 4ABB8A7224A3CD8D008E472C /* AppDelegate.swift */; };
		4ABB8A7524A3CD8D008E472C /* SceneDelegate.swift in Sources */ = {isa = PBXBuildFile; fileRef = 4ABB8A7424A3CD8D008E472C /* SceneDelegate.swift */; };
		4ABB8A7724A3CD8D008E472C /* ViewController.swift in Sources */ = {isa = PBXBuildFile; fileRef = 4ABB8A7624A3CD8D008E472C /* ViewController.swift */; };
		4ABB8A7A24A3CD8D008E472C /* Main.storyboard in Resources */ = {isa = PBXBuildFile; fileRef = 4ABB8A7824A3CD8D008E472C /* Main.storyboard */; };
		4ABB8A7C24A3CD8F008E472C /* Assets.xcassets in Resources */ = {isa = PBXBuildFile; fileRef = 4ABB8A7B24A3CD8F008E472C /* Assets.xcassets */; };
		4ABB8A7F24A3CD8F008E472C /* LaunchScreen.storyboard in Resources */ = {isa = PBXBuildFile; fileRef = 4ABB8A7D24A3CD8F008E472C /* LaunchScreen.storyboard */; };
		4ABB8A8A24A3CD8F008E472C /* calculatorTests.swift in Sources */ = {isa = PBXBuildFile; fileRef = 4ABB8A8924A3CD8F008E472C /* calculatorTests.swift */; };
		4ABB8A9524A3CD8F008E472C /* calculatorUITests.swift in Sources */ = {isa = PBXBuildFile; fileRef = 4ABB8A9424A3CD8F008E472C /* calculatorUITests.swift */; };
/* End PBXBuildFile section */

/* Begin PBXContainerItemProxy section */
		4ABB8A8624A3CD8F008E472C /* PBXContainerItemProxy */ = {
			isa = PBXContainerItemProxy;
			containerPortal = 4ABB8A6724A3CD8D008E472C /* Project object */;
			proxyType = 1;
			remoteGlobalIDString = 4ABB8A6E24A3CD8D008E472C;
			remoteInfo = calculator;
		};
		4ABB8A9124A3CD8F008E472C /* PBXContainerItemProxy */ = {
			isa = PBXContainerItemProxy;
			containerPortal = 4ABB8A6724A3CD8D008E472C /* Project object */;
			proxyType = 1;
			remoteGlobalIDString = 4ABB8A6E24A3CD8D008E472C;
			remoteInfo = calculator;
		};
/* End PBXContainerItemProxy section */

/* Begin PBXFileReference section */
		4ABB8A6F24A3CD8D008E472C /* calculator.app */ = {isa = PBXFileReference; explicitFileType = wrapper.application; includeInIndex = 0; path = calculator.app; sourceTree = BUILT_PRODUCTS_DIR; };
		4ABB8A7224A3CD8D008E472C /* AppDelegate.swift */ = {isa = PBXFileReference; lastKnownFileType = sourcecode.swift; path = AppDelegate.swift; sourceTree = "<group>"; };
		4ABB8A7424A3CD8D008E472C /* SceneDelegate.swift */ = {isa = PBXFileReference; lastKnownFileType = sourcecode.swift; path = SceneDelegate.swift; sourceTree = "<group>"; };
		4ABB8A7624A3CD8D008E472C /* ViewController.swift */ = {isa = PBXFileReference; lastKnownFileType = sourcecode.swift; path = ViewController.swift; sourceTree = "<group>"; };
		4ABB8A7924A3CD8D008E472C /* Base */ = {isa = PBXFileReference; lastKnownFileType = file.storyboard; name = Base; path = Base.lproj/Main.storyboard; sourceTree = "<group>"; };
		4ABB8A7B24A3CD8F008E472C /* Assets.xcassets */ = {isa = PBXFileReference; lastKnownFileType = folder.assetcatalog; path = Assets.xcassets; sourceTree = "<group>"; };
		4ABB8A7E24A3CD8F008E472C /* Base */ = {isa = PBXFileReference; lastKnownFileType = file.storyboard; name = Base; path = Base.lproj/LaunchScreen.storyboard; sourceTree = "<group>"; };
		4ABB8A8024A3CD8F008E472C /* Info.plist */ = {isa = PBXFileReference; lastKnownFileType = text.plist.xml; path = Info.plist; sourceTree = "<group>"; };
		4ABB8A8524A3CD8F008E472C /* calculatorTests.xctest */ = {isa = PBXFileReference; explicitFileType = wrapper.cfbundle; includeInIndex = 0; path = calculatorTests.xctest; sourceTree = BUILT_PRODUCTS_DIR; };
		4ABB8A8924A3CD8F008E472C /* calculatorTests.swift */ = {isa = PBXFileReference; lastKnownFileType = sourcecode.swift; path = calculatorTests.swift; sourceTree = "<group>"; };
		4ABB8A8B24A3CD8F008E472C /* Info.plist */ = {isa = PBXFileReference; lastKnownFileType = text.plist.xml; path = Info.plist; sourceTree = "<group>"; };
		4ABB8A9024A3CD8F008E472C /* calculatorUITests.xctest */ = {isa = PBXFileReference; explicitFileType = wrapper.cfbundle; includeInIndex = 0; path = calculatorUITests.xctest; sourceTree = BUILT_PRODUCTS_DIR; };
		4ABB8A9424A3CD8F008E472C /* calculatorUITests.swift */ = {isa = PBXFileReference; lastKnownFileType = sourcecode.swift; path = calculatorUITests.swift; sourceTree = "<group>"; };
		4ABB8A9624A3CD8F008E472C /* Info.plist */ = {isa = PBXFileReference; lastKnownFileType = text.plist.xml; path = Info.plist; sourceTree = "<group>"; };
/* End PBXFileReference section */

/* Begin PBXFrameworksBuildPhase section */
		4ABB8A6C24A3CD8D008E472C /* Frameworks */ = {
			isa = PBXFrameworksBuildPhase;
			buildActionMask = 2147483647;
			files = (
			);
			runOnlyForDeploymentPostprocessing = 0;
		};
		4ABB8A8224A3CD8F008E472C /* Frameworks */ = {
			isa = PBXFrameworksBuildPhase;
			buildActionMask = 2147483647;
			files = (
			);
			runOnlyForDeploymentPostprocessing = 0;
		};
		4ABB8A8D24A3CD8F008E472C /* Frameworks */ = {
			isa = PBXFrameworksBuildPhase;
			buildActionMask = 2147483647;
			files = (
			);
			runOnlyForDeploymentPostprocessing = 0;
		};
/* End PBXFrameworksBuildPhase section */

/* Begin PBXGroup section */
		4ABB8A6624A3CD8D008E472C = {
			isa = PBXGroup;
			children = (
				4ABB8A7124A3CD8D008E472C /* calculator */,
				4ABB8A8824A3CD8F008E472C /* calculatorTests */,
				4ABB8A9324A3CD8F008E472C /* calculatorUITests */,
				4ABB8A7024A3CD8D008E472C /* Products */,
			);
			sourceTree = "<group>";
		};
		4ABB8A7024A3CD8D008E472C /* Products */ = {
			isa = PBXGroup;
			children = (
				4ABB8A6F24A3CD8D008E472C /* calculator.app */,
				4ABB8A8524A3CD8F008E472C /* calculatorTests.xctest */,
				4ABB8A9024A3CD8F008E472C /* calculatorUITests.xctest */,
			);
			name = Products;
			sourceTree = "<group>";
		};
		4ABB8A7124A3CD8D008E472C /* calculator */ = {
			isa = PBXGroup;
			children = (
				4ABB8A7224A3CD8D008E472C /* AppDelegate.swift */,
				4ABB8A7424A3CD8D008E472C /* SceneDelegate.swift */,
				4ABB8A7624A3CD8D008E472C /* ViewController.swift */,
				4ABB8A7824A3CD8D008E472C /* Main.storyboard */,
				4ABB8A7B24A3CD8F008E472C /* Assets.xcassets */,
				4ABB8A7D24A3CD8F008E472C /* LaunchScreen.storyboard */,
				4ABB8A8024A3CD8F008E472C /* Info.plist */,
			);
			path = calculator;
			sourceTree = "<group>";
		};
		4ABB8A8824A3CD8F008E472C /* calculatorTests */ = {
			isa = PBXGroup;
			children = (
				4ABB8A8924A3CD8F008E472C /* calculatorTests.swift */,
				4ABB8A8B24A3CD8F008E472C /* Info.plist */,
			);
			path = calculatorTests;
			sourceTree = "<group>";
		};
		4ABB8A9324A3CD8F008E472C /* calculatorUITests */ = {
			isa = PBXGroup;
			children = (
				4ABB8A9424A3CD8F008E472C /* calculatorUITests.swift */,
				4ABB8A9624A3CD8F008E472C /* Info.plist */,
			);
			path = calculatorUITests;
			sourceTree = "<group>";
		};
/* End PBXGroup section */

/* Begin PBXNativeTarget section */
		4ABB8A6E24A3CD8D008E472C /* calculator */ = {
			isa = PBXNativeTarget;
			buildConfigurationList = 4ABB8A9924A3CD8F008E472C /* Build configuration list for PBXNativeTarget "calculator" */;
			buildPhases = (
				4ABB8A6B24A3CD8D008E472C /* Sources */,
				4ABB8A6C24A3CD8D008E472C /* Frameworks */,
				4ABB8A6D24A3CD8D008E472C /* Resources */,
			);
			buildRules = (
			);
			dependencies = (
			);
			name = calculator;
			productName = calculator;
			productReference = 4ABB8A6F24A3CD8D008E472C /* calculator.app */;
			productType = "com.apple.product-type.application";
		};
		4ABB8A8424A3CD8F008E472C /* calculatorTests */ = {
			isa = PBXNativeTarget;
			buildConfigurationList = 4ABB8A9C24A3CD8F008E472C /* Build configuration list for PBXNativeTarget "calculatorTests" */;
			buildPhases = (
				4ABB8A8124A3CD8F008E472C /* Sources */,
				4ABB8A8224A3CD8F008E472C /* Frameworks */,
				4ABB8A8324A3CD8F008E472C /* Resources */,
			);
			buildRules = (
			);
			dependencies = (
				4ABB8A8724A3CD8F008E472C /* PBXTargetDependency */,
			);
			name = calculatorTests;
			productName = calculatorTests;
			productReference = 4ABB8A8524A3CD8F008E472C /* calculatorTests.xctest */;
			productType = "com.apple.product-type.bundle.unit-test";
		};
		4ABB8A8F24A3CD8F008E472C /* calculatorUITests */ = {
			isa = PBXNativeTarget;
			buildConfigurationList = 4ABB8A9F24A3CD8F008E472C /* Build configuration list for PBXNativeTarget "calculatorUITests" */;
			buildPhases = (
				4ABB8A8C24A3CD8F008E472C /* Sources */,
				4ABB8A8D24A3CD8F008E472C /* Frameworks */,
				4ABB8A8E24A3CD8F008E472C /* Resources */,
			);
			buildRules = (
			);
			dependencies = (
				4ABB8A9224A3CD8F008E472C /* PBXTargetDependency */,
			);
			name = calculatorUITests;
			productName = calculatorUITests;
			productReference = 4ABB8A9024A3CD8F008E472C /* calculatorUITests.xctest */;
			productType = "com.apple.product-type.bundle.ui-testing";
		};
/* End PBXNativeTarget section */

/* Begin PBXProject section */
		4ABB8A6724A3CD8D008E472C /* Project object */ = {
			isa = PBXProject;
			attributes = {
				LastSwiftUpdateCheck = 1150;
				LastUpgradeCheck = 1150;
				ORGANIZATIONNAME = "Aminah Jamil";
				TargetAttributes = {
					4ABB8A6E24A3CD8D008E472C = {
						CreatedOnToolsVersion = 11.5;
					};
					4ABB8A8424A3CD8F008E472C = {
						CreatedOnToolsVersion = 11.5;
						TestTargetID = 4ABB8A6E24A3CD8D008E472C;
					};
					4ABB8A8F24A3CD8F008E472C = {
						CreatedOnToolsVersion = 11.5;
						TestTargetID = 4ABB8A6E24A3CD8D008E472C;
					};
				};
			};
			buildConfigurationList = 4ABB8A6A24A3CD8D008E472C /* Build configuration list for PBXProject "calculator" */;
			compatibilityVersion = "Xcode 9.3";
			developmentRegion = en;
			hasScannedForEncodings = 0;
			knownRegions = (
				en,
				Base,
			);
			mainGroup = 4ABB8A6624A3CD8D008E472C;
			productRefGroup = 4ABB8A7024A3CD8D008E472C /* Products */;
			projectDirPath = "";
			projectRoot = "";
			targets = (
				4ABB8A6E24A3CD8D008E472C /* calculator */,
				4ABB8A8424A3CD8F008E472C /* calculatorTests */,
				4ABB8A8F24A3CD8F008E472C /* calculatorUITests */,
			);
		};
/* End PBXProject section */

/* Begin PBXResourcesBuildPhase section */
		4ABB8A6D24A3CD8D008E472C /* Resources */ = {
			isa = PBXResourcesBuildPhase;
			buildActionMask = 2147483647;
			files = (
				4ABB8A7F24A3CD8F008E472C /* LaunchScreen.storyboard in Resources */,
				4ABB8A7C24A3CD8F008E472C /* Assets.xcassets in Resources */,
				4ABB8A7A24A3CD8D008E472C /* Main.storyboard in Resources */,
			);
			runOnlyForDeploymentPostprocessing = 0;
		};
		4ABB8A8324A3CD8F008E472C /* Resources */ = {
			isa = PBXResourcesBuildPhase;
			buildActionMask = 2147483647;
			files = (
			);
			runOnlyForDeploymentPostprocessing = 0;
		};
		4ABB8A8E24A3CD8F008E472C /* Resources */ = {
			isa = PBXResourcesBuildPhase;
			buildActionMask = 2147483647;
			files = (
			);
			runOnlyForDeploymentPostprocessing = 0;
		};
/* End PBXResourcesBuildPhase section */

/* Begin PBXSourcesBuildPhase section */
		4ABB8A6B24A3CD8D008E472C /* Sources */ = {
			isa = PBXSourcesBuildPhase;
			buildActionMask = 2147483647;
			files = (
				4ABB8A7724A3CD8D008E472C /* ViewController.swift in Sources */,
				4ABB8A7324A3CD8D008E472C /* AppDelegate.swift in Sources */,
				4ABB8A7524A3CD8D008E472C /* SceneDelegate.swift in Sources */,
			);
			runOnlyForDeploymentPostprocessing = 0;
		};
		4ABB8A8124A3CD8F008E472C /* Sources */ = {
			isa = PBXSourcesBuildPhase;
			buildActionMask = 2147483647;
			files = (
				4ABB8A8A24A3CD8F008E472C /* calculatorTests.swift in Sources */,
			);
			runOnlyForDeploymentPostprocessing = 0;
		};
		4ABB8A8C24A3CD8F008E472C /* Sources */ = {
			isa = PBXSourcesBuildPhase;
			buildActionMask = 2147483647;
			files = (
				4ABB8A9524A3CD8F008E472C /* calculatorUITests.swift in Sources */,
			);
			runOnlyForDeploymentPostprocessing = 0;
		};
/* End PBXSourcesBuildPhase section */

/* Begin PBXTargetDependency section */
		4ABB8A8724A3CD8F008E472C /* PBXTargetDependency */ = {
			isa = PBXTargetDependency;
			target = 4ABB8A6E24A3CD8D008E472C /* calculator */;
			targetProxy = 4ABB8A8624A3CD8F008E472C /* PBXContainerItemProxy */;
		};
		4ABB8A9224A3CD8F008E472C /* PBXTargetDependency */ = {
			isa = PBXTargetDependency;
			target = 4ABB8A6E24A3CD8D008E472C /* calculator */;
			targetProxy = 4ABB8A9124A3CD8F008E472C /* PBXContainerItemProxy */;
		};
/* End PBXTargetDependency section */

/* Begin PBXVariantGroup section */
		4ABB8A7824A3CD8D008E472C /* Main.storyboard */ = {
			isa = PBXVariantGroup;
			children = (
				4ABB8A7924A3CD8D008E472C /* Base */,
			);
			name = Main.storyboard;
			sourceTree = "<group>";
		};
		4ABB8A7D24A3CD8F008E472C /* LaunchScreen.storyboard */ = {
			isa = PBXVariantGroup;
			children = (
				4ABB8A7E24A3CD8F008E472C /* Base */,
			);
			name = LaunchScreen.storyboard;
			sourceTree = "<group>";
		};
/* End PBXVariantGroup section */

/* Begin XCBuildConfiguration section */
		4ABB8A9724A3CD8F008E472C /* Debug */ = {
			isa = XCBuildConfiguration;
			buildSettings = {
				ALWAYS_SEARCH_USER_PATHS = NO;
				CLANG_ANALYZER_NONNULL = YES;
				CLANG_ANALYZER_NUMBER_OBJECT_CONVERSION = YES_AGGRESSIVE;
				CLANG_CXX_LANGUAGE_STANDARD = "gnu++14";
				CLANG_CXX_LIBRARY = "libc++";
				CLANG_ENABLE_MODULES = YES;
				CLANG_ENABLE_OBJC_ARC = YES;
				CLANG_ENABLE_OBJC_WEAK = YES;
				CLANG_WARN_BLOCK_CAPTURE_AUTORELEASING = YES;
				CLANG_WARN_BOOL_CONVERSION = YES;
				CLANG_WARN_COMMA = YES;
				CLANG_WARN_CONSTANT_CONVERSION = YES;
				CLANG_WARN_DEPRECATED_OBJC_IMPLEMENTATIONS = YES;
				CLANG_WARN_DIRECT_OBJC_ISA_USAGE = YES_ERROR;
				CLANG_WARN_DOCUMENTATION_COMMENTS = YES;
				CLANG_WARN_EMPTY_BODY = YES;
				CLANG_WARN_ENUM_CONVERSION = YES;
				CLANG_WARN_INFINITE_RECURSION = YES;
				CLANG_WARN_INT_CONVERSION = YES;
				CLANG_WARN_NON_LITERAL_NULL_CONVERSION = YES;
				CLANG_WARN_OBJC_IMPLICIT_RETAIN_SELF = YES;
				CLANG_WARN_OBJC_LITERAL_CONVERSION = YES;
				CLANG_WARN_OBJC_ROOT_CLASS = YES_ERROR;
				CLANG_WARN_RANGE_LOOP_ANALYSIS = YES;
				CLANG_WARN_STRICT_PROTOTYPES = YES;
				CLANG_WARN_SUSPICIOUS_MOVE = YES;
				CLANG_WARN_UNGUARDED_AVAILABILITY = YES_AGGRESSIVE;
				CLANG_WARN_UNREACHABLE_CODE = YES;
				CLANG_WARN__DUPLICATE_METHOD_MATCH = YES;
				COPY_PHASE_STRIP = NO;
				DEBUG_INFORMATION_FORMAT = dwarf;
				ENABLE_STRICT_OBJC_MSGSEND = YES;
				ENABLE_TESTABILITY = YES;
				GCC_C_LANGUAGE_STANDARD = gnu11;
				GCC_DYNAMIC_NO_PIC = NO;
				GCC_NO_COMMON_BLOCKS = YES;
				GCC_OPTIMIZATION_LEVEL = 0;
				GCC_PREPROCESSOR_DEFINITIONS = (
					"DEBUG=1",
					"$(inherited)",
				);
				GCC_WARN_64_TO_32_BIT_CONVERSION = YES;
				GCC_WARN_ABOUT_RETURN_TYPE = YES_ERROR;
				GCC_WARN_UNDECLARED_SELECTOR = YES;
				GCC_WARN_UNINITIALIZED_AUTOS = YES_AGGRESSIVE;
				GCC_WARN_UNUSED_FUNCTION = YES;
				GCC_WARN_UNUSED_VARIABLE = YES;
				IPHONEOS_DEPLOYMENT_TARGET = 13.5;
				MTL_ENABLE_DEBUG_INFO = INCLUDE_SOURCE;
				MTL_FAST_MATH = YES;
				ONLY_ACTIVE_ARCH = YES;
				SDKROOT = iphoneos;
				SWIFT_ACTIVE_COMPILATION_CONDITIONS = DEBUG;
				SWIFT_OPTIMIZATION_LEVEL = "-Onone";
			};
			name = Debug;
		};
		4ABB8A9824A3CD8F008E472C /* Release */ = {
			isa = XCBuildConfiguration;
			buildSettings = {
				ALWAYS_SEARCH_USER_PATHS = NO;
				CLANG_ANALYZER_NONNULL = YES;
				CLANG_ANALYZER_NUMBER_OBJECT_CONVERSION = YES_AGGRESSIVE;
				CLANG_CXX_LANGUAGE_STANDARD = "gnu++14";
				CLANG_CXX_LIBRARY = "libc++";
				CLANG_ENABLE_MODULES = YES;
				CLANG_ENABLE_OBJC_ARC = YES;
				CLANG_ENABLE_OBJC_WEAK = YES;
				CLANG_WARN_BLOCK_CAPTURE_AUTORELEASING = YES;
				CLANG_WARN_BOOL_CONVERSION = YES;
				CLANG_WARN_COMMA = YES;
				CLANG_WARN_CONSTANT_CONVERSION = YES;
				CLANG_WARN_DEPRECATED_OBJC_IMPLEMENTATIONS = YES;
				CLANG_WARN_DIRECT_OBJC_ISA_USAGE = YES_ERROR;
				CLANG_WARN_DOCUMENTATION_COMMENTS = YES;
				CLANG_WARN_EMPTY_BODY = YES;
				CLANG_WARN_ENUM_CONVERSION = YES;
				CLANG_WARN_INFINITE_RECURSION = YES;
				CLANG_WARN_INT_CONVERSION = YES;
				CLANG_WARN_NON_LITERAL_NULL_CONVERSION = YES;
				CLANG_WARN_OBJC_IMPLICIT_RETAIN_SELF = YES;
				CLANG_WARN_OBJC_LITERAL_CONVERSION = YES;
				CLANG_WARN_OBJC_ROOT_CLASS = YES_ERROR;
				CLANG_WARN_RANGE_LOOP_ANALYSIS = YES;
				CLANG_WARN_STRICT_PROTOTYPES = YES;
				CLANG_WARN_SUSPICIOUS_MOVE = YES;
				CLANG_WARN_UNGUARDED_AVAILABILITY = YES_AGGRESSIVE;
				CLANG_WARN_UNREACHABLE_CODE = YES;
				CLANG_WARN__DUPLICATE_METHOD_MATCH = YES;
				COPY_PHASE_STRIP = NO;
				DEBUG_INFORMATION_FORMAT = "dwarf-with-dsym";
				ENABLE_NS_ASSERTIONS = NO;
				ENABLE_STRICT_OBJC_MSGSEND = YES;
				GCC_C_LANGUAGE_STANDARD = gnu11;
				GCC_NO_COMMON_BLOCKS = YES;
				GCC_WARN_64_TO_32_BIT_CONVERSION = YES;
				GCC_WARN_ABOUT_RETURN_TYPE = YES_ERROR;
				GCC_WARN_UNDECLARED_SELECTOR = YES;
				GCC_WARN_UNINITIALIZED_AUTOS = YES_AGGRESSIVE;
				GCC_WARN_UNUSED_FUNCTION = YES;
				GCC_WARN_UNUSED_VARIABLE = YES;
				IPHONEOS_DEPLOYMENT_TARGET = 13.5;
				MTL_ENABLE_DEBUG_INFO = NO;
				MTL_FAST_MATH = YES;
				SDKROOT = iphoneos;
				SWIFT_COMPILATION_MODE = wholemodule;
				SWIFT_OPTIMIZATION_LEVEL = "-O";
				VALIDATE_PRODUCT = YES;
			};
			name = Release;
		};
		4ABB8A9A24A3CD8F008E472C /* Debug */ = {
			isa = XCBuildConfiguration;
			buildSettings = {
				ASSETCATALOG_COMPILER_APPICON_NAME = AppIcon;
				CODE_SIGN_STYLE = Automatic;
				DEVELOPMENT_TEAM = WT6QT5DMG8;
				INFOPLIST_FILE = calculator/Info.plist;
				LD_RUNPATH_SEARCH_PATHS = (
					"$(inherited)",
					"@executable_path/Frameworks",
				);
				PRODUCT_BUNDLE_IDENTIFIER = io.aminah.calculator;
				PRODUCT_NAME = "$(TARGET_NAME)";
				SWIFT_VERSION = 5.0;
				TARGETED_DEVICE_FAMILY = "1,2";
			};
			name = Debug;
		};
		4ABB8A9B24A3CD8F008E472C /* Release */ = {
			isa = XCBuildConfiguration;
			buildSettings = {
				ASSETCATALOG_COMPILER_APPICON_NAME = AppIcon;
				CODE_SIGN_STYLE = Automatic;
				DEVELOPMENT_TEAM = WT6QT5DMG8;
				INFOPLIST_FILE = calculator/Info.plist;
				LD_RUNPATH_SEARCH_PATHS = (
					"$(inherited)",
					"@executable_path/Frameworks",
				);
				PRODUCT_BUNDLE_IDENTIFIER = io.aminah.calculator;
				PRODUCT_NAME = "$(TARGET_NAME)";
				SWIFT_VERSION = 5.0;
				TARGETED_DEVICE_FAMILY = "1,2";
			};
			name = Release;
		};
		4ABB8A9D24A3CD8F008E472C /* Debug */ = {
			isa = XCBuildConfiguration;
			buildSettings = {
				ALWAYS_EMBED_SWIFT_STANDARD_LIBRARIES = YES;
				BUNDLE_LOADER = "$(TEST_HOST)";
				CODE_SIGN_STYLE = Automatic;
				DEVELOPMENT_TEAM = WT6QT5DMG8;
				INFOPLIST_FILE = calculatorTests/Info.plist;
				IPHONEOS_DEPLOYMENT_TARGET = 13.5;
				LD_RUNPATH_SEARCH_PATHS = (
					"$(inherited)",
					"@executable_path/Frameworks",
					"@loader_path/Frameworks",
				);
				PRODUCT_BUNDLE_IDENTIFIER = io.aminah.calculatorTests;
				PRODUCT_NAME = "$(TARGET_NAME)";
				SWIFT_VERSION = 5.0;
				TARGETED_DEVICE_FAMILY = "1,2";
				TEST_HOST = "$(BUILT_PRODUCTS_DIR)/calculator.app/calculator";
			};
			name = Debug;
		};
		4ABB8A9E24A3CD8F008E472C /* Release */ = {
			isa = XCBuildConfiguration;
			buildSettings = {
				ALWAYS_EMBED_SWIFT_STANDARD_LIBRARIES = YES;
				BUNDLE_LOADER = "$(TEST_HOST)";
				CODE_SIGN_STYLE = Automatic;
				DEVELOPMENT_TEAM = WT6QT5DMG8;
				INFOPLIST_FILE = calculatorTests/Info.plist;
				IPHONEOS_DEPLOYMENT_TARGET = 13.5;
				LD_RUNPATH_SEARCH_PATHS = (
					"$(inherited)",
					"@executable_path/Frameworks",
					"@loader_path/Frameworks",
				);
				PRODUCT_BUNDLE_IDENTIFIER = io.aminah.calculatorTests;
				PRODUCT_NAME = "$(TARGET_NAME)";
				SWIFT_VERSION = 5.0;
				TARGETED_DEVICE_FAMILY = "1,2";
				TEST_HOST = "$(BUILT_PRODUCTS_DIR)/calculator.app/calculator";
			};
			name = Release;
		};
		4ABB8AA024A3CD8F008E472C /* Debug */ = {
			isa = XCBuildConfiguration;
			buildSettings = {
				ALWAYS_EMBED_SWIFT_STANDARD_LIBRARIES = YES;
				CODE_SIGN_STYLE = Automatic;
				DEVELOPMENT_TEAM = WT6QT5DMG8;
				INFOPLIST_FILE = calculatorUITests/Info.plist;
				LD_RUNPATH_SEARCH_PATHS = (
					"$(inherited)",
					"@executable_path/Frameworks",
					"@loader_path/Frameworks",
				);
				PRODUCT_BUNDLE_IDENTIFIER = io.aminah.calculatorUITests;
				PRODUCT_NAME = "$(TARGET_NAME)";
				SWIFT_VERSION = 5.0;
				TARGETED_DEVICE_FAMILY = "1,2";
				TEST_TARGET_NAME = calculator;
			};
			name = Debug;
		};
		4ABB8AA124A3CD8F008E472C /* Release */ = {
			isa = XCBuildConfiguration;
			buildSettings = {
				ALWAYS_EMBED_SWIFT_STANDARD_LIBRARIES = YES;
				CODE_SIGN_STYLE = Automatic;
				DEVELOPMENT_TEAM = WT6QT5DMG8;
				INFOPLIST_FILE = calculatorUITests/Info.plist;
				LD_RUNPATH_SEARCH_PATHS = (
					"$(inherited)",
					"@executable_path/Frameworks",
					"@loader_path/Frameworks",
				);
				PRODUCT_BUNDLE_IDENTIFIER = io.aminah.calculatorUITests;
				PRODUCT_NAME = "$(TARGET_NAME)";
				SWIFT_VERSION = 5.0;
				TARGETED_DEVICE_FAMILY = "1,2";
				TEST_TARGET_NAME = calculator;
			};
			name = Release;
		};
/* End XCBuildConfiguration section */

/* Begin XCConfigurationList section */
		4ABB8A6A24A3CD8D008E472C /* Build configuration list for PBXProject "calculator" */ = {
			isa = XCConfigurationList;
			buildConfigurations = (
				4ABB8A9724A3CD8F008E472C /* Debug */,
				4ABB8A9824A3CD8F008E472C /* Release */,
			);
			defaultConfigurationIsVisible = 0;
			defaultConfigurationName = Release;
		};
		4ABB8A9924A3CD8F008E472C /* Build configuration list for PBXNativeTarget "calculator" */ = {
			isa = XCConfigurationList;
			buildConfigurations = (
				4ABB8A9A24A3CD8F008E472C /* Debug */,
				4ABB8A9B24A3CD8F008E472C /* Release */,
			);
			defaultConfigurationIsVisible = 0;
			defaultConfigurationName = Release;
		};
		4ABB8A9C24A3CD8F008E472C /* Build configuration list for PBXNativeTarget "calculatorTests" */ = {
			isa = XCConfigurationList;
			buildConfigurations = (
				4ABB8A9D24A3CD8F008E472C /* Debug */,
				4ABB8A9E24A3CD8F008E472C /* Release */,
			);
			defaultConfigurationIsVisible = 0;
			defaultConfigurationName = Release;
		};
		4ABB8A9F24A3CD8F008E472C /* Build configuration list for PBXNativeTarget "calculatorUITests" */ = {
			isa = XCConfigurationList;
			buildConfigurations = (
				4ABB8AA024A3CD8F008E472C /* Debug */,
				4ABB8AA124A3CD8F008E472C /* Release */,
			);
			defaultConfigurationIsVisible = 0;
			defaultConfigurationName = Release;
		};
/* End XCConfigurationList section */
	};
	rootObject = 4ABB8A6724A3CD8D008E472C /* Project object */;
}
